
Microsoft Visual Studio Solution File, Format Version 12.00
# Visual Studio Version 16
VisualStudioVersion = 16.0.30413.136
MinimumVisualStudioVersion = 10.0.40219.1
Project("{FAE04EC0-301F-11D3-BF4B-00C04F79EFBC}") = "CustomList", "CustomList\CustomList.csproj", "{9C4147EF-6F14-4838-BB09-16FD0AA1EB7F}"
EndProject
Project("{FAE04EC0-301F-11D3-BF4B-00C04F79EFBC}") = "UnitTestCustomList", "UnitTestCustomList\UnitTestCustomList.csproj", "{82229333-3031-4577-B18D-183E400CC1E3}"
EndProject
Global
	GlobalSection(SolutionConfigurationPlatforms) = preSolution
		Debug|Any CPU = Debug|Any CPU
		Release|Any CPU = Release|Any CPU
	EndGlobalSection
	GlobalSection(ProjectConfigurationPlatforms) = postSolution
		{9C4147EF-6F14-4838-BB09-16FD0AA1EB7F}.Debug|Any CPU.ActiveCfg = Debug|Any CPU
		{9C4147EF-6F14-4838-BB09-16FD0AA1EB7F}.Debug|Any CPU.Build.0 = Debug|Any CPU
		{9C4147EF-6F14-4838-BB09-16FD0AA1EB7F}.Release|Any CPU.ActiveCfg = Release|Any CPU
		{9C4147EF-6F14-4838-BB09-16FD0AA1EB7F}.Release|Any CPU.Build.0 = Release|Any CPU
		{82229333-3031-4577-B18D-183E400CC1E3}.Debug|Any CPU.ActiveCfg = Debug|Any CPU
		{82229333-3031-4577-B18D-183E400CC1E3}.Debug|Any CPU.Build.0 = Debug|Any CPU
		{82229333-3031-4577-B18D-183E400CC1E3}.Release|Any CPU.ActiveCfg = Release|Any CPU
		{82229333-3031-4577-B18D-183E400CC1E3}.Release|Any CPU.Build.0 = Release|Any CPU
	EndGlobalSection
	GlobalSection(SolutionProperties) = preSolution
		HideSolutionNode = FALSE
	EndGlobalSection
	GlobalSection(ExtensibilityGlobals) = postSolution
		SolutionGuid = {007E78B3-107D-4FAF-9F04-AD8E744D889F}
	EndGlobalSection
EndGlobal
